
Microsoft Visual Studio Solution File, Format Version 12.00
# Visual Studio Version 16
VisualStudioVersion = 16.0.29102.190
MinimumVisualStudioVersion = 10.0.40219.1
Project("{FAE04EC0-301F-11D3-BF4B-00C04F79EFBC}") = "WebAppPractice", "WebAppPractice\WebAppPractice.csproj", "{5B98F404-BA55-4C36-BFB2-8C588DFD0838}"
EndProject
Project("{FAE04EC0-301F-11D3-BF4B-00C04F79EFBC}") = "WebAppPractice.NUnitTests", "WebAppPractice.NUnitTests\WebAppPractice.NUnitTests.csproj", "{B469B095-FA29-48DB-A594-07C04C32D1AE}"
EndProject
Global
	GlobalSection(SolutionConfigurationPlatforms) = preSolution
		Debug|Any CPU = Debug|Any CPU
		Release|Any CPU = Release|Any CPU
	EndGlobalSection
	GlobalSection(ProjectConfigurationPlatforms) = postSolution
		{5B98F404-BA55-4C36-BFB2-8C588DFD0838}.Debug|Any CPU.ActiveCfg = Debug|Any CPU
		{5B98F404-BA55-4C36-BFB2-8C588DFD0838}.Debug|Any CPU.Build.0 = Debug|Any CPU
		{5B98F404-BA55-4C36-BFB2-8C588DFD0838}.Release|Any CPU.ActiveCfg = Release|Any CPU
		{5B98F404-BA55-4C36-BFB2-8C588DFD0838}.Release|Any CPU.Build.0 = Release|Any CPU
		{B469B095-FA29-48DB-A594-07C04C32D1AE}.Debug|Any CPU.ActiveCfg = Debug|Any CPU
		{B469B095-FA29-48DB-A594-07C04C32D1AE}.Debug|Any CPU.Build.0 = Debug|Any CPU
		{B469B095-FA29-48DB-A594-07C04C32D1AE}.Release|Any CPU.ActiveCfg = Release|Any CPU
		{B469B095-FA29-48DB-A594-07C04C32D1AE}.Release|Any CPU.Build.0 = Release|Any CPU
	EndGlobalSection
	GlobalSection(SolutionProperties) = preSolution
		HideSolutionNode = FALSE
	EndGlobalSection
	GlobalSection(ExtensibilityGlobals) = postSolution
		SolutionGuid = {1399E7CC-9F28-4468-AD66-171A35F8B2C7}
	EndGlobalSection
EndGlobal
